
Microsoft Visual Studio Solution File, Format Version 12.00
# Visual Studio Version 17
VisualStudioVersion = 17.4.33205.214
MinimumVisualStudioVersion = 10.0.40219.1
Project("{9A19103F-16F7-4668-BE54-9A1E7A4F7556}") = "QuartzManagement.Web", "QuartzManagement.Web\QuartzManagement.Web.csproj", "{3052660F-7BA6-4ACF-B367-95F6192E14B8}"
EndProject
Project("{FAE04EC0-301F-11D3-BF4B-00C04F79EFBC}") = "QuartzManagementCore", "QuartzManagementCore\QuartzManagementCore.csproj", "{48171B6A-ADB5-4858-82CD-A0EFC4598EF4}"
EndProject
Project("{FAE04EC0-301F-11D3-BF4B-00C04F79EFBC}") = "QuartzManagement.Worker", "..\QuartzManagement.Worker\QuartzManagement.Worker.csproj", "{223F4FC3-682F-49CF-A2F5-34BFC9A602C8}"
EndProject
Global
	GlobalSection(SolutionConfigurationPlatforms) = preSolution
		Debug|Any CPU = Debug|Any CPU
		Release|Any CPU = Release|Any CPU
	EndGlobalSection
	GlobalSection(ProjectConfigurationPlatforms) = postSolution
		{3052660F-7BA6-4ACF-B367-95F6192E14B8}.Debug|Any CPU.ActiveCfg = Debug|Any CPU
		{3052660F-7BA6-4ACF-B367-95F6192E14B8}.Debug|Any CPU.Build.0 = Debug|Any CPU
		{3052660F-7BA6-4ACF-B367-95F6192E14B8}.Release|Any CPU.ActiveCfg = Release|Any CPU
		{3052660F-7BA6-4ACF-B367-95F6192E14B8}.Release|Any CPU.Build.0 = Release|Any CPU
		{48171B6A-ADB5-4858-82CD-A0EFC4598EF4}.Debug|Any CPU.ActiveCfg = Debug|Any CPU
		{48171B6A-ADB5-4858-82CD-A0EFC4598EF4}.Debug|Any CPU.Build.0 = Debug|Any CPU
		{48171B6A-ADB5-4858-82CD-A0EFC4598EF4}.Release|Any CPU.ActiveCfg = Release|Any CPU
		{48171B6A-ADB5-4858-82CD-A0EFC4598EF4}.Release|Any CPU.Build.0 = Release|Any CPU
		{223F4FC3-682F-49CF-A2F5-34BFC9A602C8}.Debug|Any CPU.ActiveCfg = Debug|Any CPU
		{223F4FC3-682F-49CF-A2F5-34BFC9A602C8}.Debug|Any CPU.Build.0 = Debug|Any CPU
		{223F4FC3-682F-49CF-A2F5-34BFC9A602C8}.Release|Any CPU.ActiveCfg = Release|Any CPU
		{223F4FC3-682F-49CF-A2F5-34BFC9A602C8}.Release|Any CPU.Build.0 = Release|Any CPU
	EndGlobalSection
	GlobalSection(SolutionProperties) = preSolution
		HideSolutionNode = FALSE
	EndGlobalSection
	GlobalSection(ExtensibilityGlobals) = postSolution
		SolutionGuid = {AB4FDE41-9E36-4B24-B262-7450D006E6AF}
	EndGlobalSection
EndGlobal
